<?xml version="1.0" encoding="utf-8"?>
<Project ToolsVersion="4.0" xmlns="http://schemas.microsoft.com/developer/msbuild/2003">
  <ItemGroup>
    <Filter Include="리소스 파일">
      <UniqueIdentifier>{67DA6AB6-F800-4c08-8B7A-83BB121AAD01}</UniqueIdentifier>
      <Extensions>rc;ico;cur;bmp;dlg;rc2;rct;bin;rgs;gif;jpg;jpeg;jpe;resx;tiff;tif;png;wav;mfcribbon-ms</Extensions>
    </Filter>
    <Filter Include="Engine">
      <UniqueIdentifier>{ae2229db-771f-40aa-b91a-dbe66c5a8b7e}</UniqueIdentifier>
    </Filter>
    <Filter Include="Common">
      <UniqueIdentifier>{ae3806a2-98f2-4a4e-b3a7-0140863c2bed}</UniqueIdentifier>
    </Filter>
    <Filter Include="Engine\Manager">
      <UniqueIdentifier>{a527573b-5452-4a5a-bf29-27f9cdeb0a9b}</UniqueIdentifier>
    </Filter>
    <Filter Include="Common\Lib">
      <UniqueIdentifier>{86b7ebaa-ed01-4b54-96f0-83fbd410e5f0}</UniqueIdentifier>
    </Filter>
    <Filter Include="Engine\Scene">
      <UniqueIdentifier>{9fd6952c-07c9-4262-9a29-149e49f56b94}</UniqueIdentifier>
    </Filter>
    <Filter Include="Engine\Scene\Base">
      <UniqueIdentifier>{1a3e241d-4015-4286-a2c7-b3b49ac5b804}</UniqueIdentifier>
    </Filter>
    <Filter Include="Engine\Manager\Base">
      <UniqueIdentifier>{dbb7f664-8bd8-40de-8922-4057521c6e0e}</UniqueIdentifier>
    </Filter>
    <Filter Include="Engine\GameObject">
      <UniqueIdentifier>{b73a02a7-24fd-417d-ac66-38b74e35148d}</UniqueIdentifier>
    </Filter>
    <Filter Include="Main">
      <UniqueIdentifier>{108eca2e-333f-4487-92fe-0564394dae7a}</UniqueIdentifier>
    </Filter>
    <Filter Include="Engine\Resource">
      <UniqueIdentifier>{d1db6f89-086e-4ae5-b160-08f0e1264c2b}</UniqueIdentifier>
    </Filter>
    <Filter Include="Engine\Manager\ResourceMgr">
      <UniqueIdentifier>{e83a7f2b-9ffc-4761-bef0-c832cf28b923}</UniqueIdentifier>
    </Filter>
    <Filter Include="Engine\GameObject\Player">
      <UniqueIdentifier>{0ca19bcb-c613-49e4-8edd-ac87b193a9dd}</UniqueIdentifier>
    </Filter>
    <Filter Include="Engine\GameObject\Base">
      <UniqueIdentifier>{e8911415-7926-44b1-a055-81f0f66c2879}</UniqueIdentifier>
    </Filter>
    <Filter Include="Engine\Manager\TimeMgr">
      <UniqueIdentifier>{90d78f55-4e08-4bdd-b521-98dd2c3615ec}</UniqueIdentifier>
    </Filter>
    <Filter Include="Engine\Manager\KeyMgr">
      <UniqueIdentifier>{35e54dbb-0ee9-4e22-af11-0e016c3cda02}</UniqueIdentifier>
    </Filter>
    <Filter Include="Engine\Resource\Base">
      <UniqueIdentifier>{15b28218-c337-42df-9051-427f77c0aa07}</UniqueIdentifier>
    </Filter>
    <Filter Include="Engine\Component">
      <UniqueIdentifier>{2eaa4382-ec72-465e-b058-33580b58142f}</UniqueIdentifier>
    </Filter>
    <Filter Include="Engine\Manager\EventMgr">
      <UniqueIdentifier>{fa4bf99e-f543-405c-a6e2-64e184ef6099}</UniqueIdentifier>
    </Filter>
    <Filter Include="Engine\Manager\SceneMgr">
      <UniqueIdentifier>{f54beaa1-a847-4483-9415-176303b93090}</UniqueIdentifier>
    </Filter>
    <Filter Include="Engine\Component\Base">
      <UniqueIdentifier>{034a01ca-3b00-4731-b14a-c7269f1516bf}</UniqueIdentifier>
    </Filter>
    <Filter Include="Engine\Component\Collider">
      <UniqueIdentifier>{852ef551-690a-4fd1-ba34-129124183f99}</UniqueIdentifier>
    </Filter>
    <Filter Include="Engine\Component\Animator">
      <UniqueIdentifier>{60b7a7fb-bab6-4df2-bccf-9018db146aea}</UniqueIdentifier>
    </Filter>
    <Filter Include="Engine\Component\Animator\Animation">
      <UniqueIdentifier>{6ce1e4b8-b801-4fcf-a419-3af0cbb95906}</UniqueIdentifier>
    </Filter>
    <Filter Include="Common\EventReg">
      <UniqueIdentifier>{98314b35-b5d5-44b9-8d63-f9927f36acea}</UniqueIdentifier>
    </Filter>
    <Filter Include="Engine\Resource\Texture">
      <UniqueIdentifier>{70df5e3f-e6df-420f-8b05-7db0bf6a896f}</UniqueIdentifier>
    </Filter>
    <Filter Include="Engine\GameObject\Monster">
      <UniqueIdentifier>{fe716b96-1ee2-4b12-9c3f-d5b53d2e00bb}</UniqueIdentifier>
    </Filter>
    <Filter Include="Engine\Manager\CollisionMgr">
      <UniqueIdentifier>{041680e5-db7e-4743-97be-d84c19d41c6e}</UniqueIdentifier>
    </Filter>
    <Filter Include="Engine\Manager\CameraMgr">
      <UniqueIdentifier>{5d0662e9-00c9-42e8-b231-1de237fc3d30}</UniqueIdentifier>
    </Filter>
    <Filter Include="Engine\GameObject\UI">
      <UniqueIdentifier>{c58ccb67-294d-4fd1-a389-e35e29e4723e}</UniqueIdentifier>
    </Filter>
    <Filter Include="Engine\GameObject\UI\BackgroundUI">
      <UniqueIdentifier>{18ae77b9-311c-40d2-883f-8e0681693827}</UniqueIdentifier>
    </Filter>
    <Filter Include="Engine\Manager\MouseMgr">
      <UniqueIdentifier>{56a05229-3efe-4d80-972d-583ca2eba682}</UniqueIdentifier>
    </Filter>
    <Filter Include="Engine\GameObject\UI\ButtonUI">
      <UniqueIdentifier>{cda428b9-d93a-449b-8b36-a757ff2249ef}</UniqueIdentifier>
    </Filter>
    <Filter Include="Engine\Scene\ToolScene">
      <UniqueIdentifier>{129b519f-5785-4b32-acd3-b0f7dd63a68a}</UniqueIdentifier>
    </Filter>
    <Filter Include="Engine\Scene\PlayScene">
      <UniqueIdentifier>{e528c7ea-5de1-4f1f-811f-954cca3fa2dd}</UniqueIdentifier>
    </Filter>
    <Filter Include="Engine\Scene\TitleScene">
      <UniqueIdentifier>{2c2b3fea-15ea-4da7-8a99-b59cc4dbdca0}</UniqueIdentifier>
    </Filter>
    <Filter Include="Engine\GameObject\Tile">
      <UniqueIdentifier>{67f32aaf-c140-4ede-bcf5-00fddb5095bb}</UniqueIdentifier>
    </Filter>
    <Filter Include="Engine\GameObject\UI\ToolUI">
      <UniqueIdentifier>{0a938206-63d9-454a-97f5-cf4da0c75f27}</UniqueIdentifier>
    </Filter>
    <Filter Include="Engine\GameObject\UI\IconUI">
      <UniqueIdentifier>{161984c0-e603-4200-a4be-69c69f7de4ff}</UniqueIdentifier>
    </Filter>
    <Filter Include="Engine\GameObject\UI\CheckButtonUI">
      <UniqueIdentifier>{95519026-1813-4270-a296-22dd5ccd74a5}</UniqueIdentifier>
    </Filter>
    <Filter Include="Engine\Scene\TownScene">
      <UniqueIdentifier>{6ba9b6c6-54f2-4db8-96d4-776cdbf1e41c}</UniqueIdentifier>
    </Filter>
    <Filter Include="Engine\GameObject\Structure">
      <UniqueIdentifier>{de0fee5d-3cf8-4732-ab44-ad67cd758f6d}</UniqueIdentifier>
    </Filter>
    <Filter Include="Engine\GameObject\Player\State">
      <UniqueIdentifier>{fc1c8b2b-2dc1-4157-a768-415a317ac2c4}</UniqueIdentifier>
    </Filter>
    <Filter Include="Engine\GameObject\Player\State\Base">
      <UniqueIdentifier>{a2b3c86d-76a2-474d-a3ba-7a250557aed3}</UniqueIdentifier>
    </Filter>
    <Filter Include="Engine\GameObject\Effect">
      <UniqueIdentifier>{58eebe92-97b0-4581-97ce-3b2f088e4411}</UniqueIdentifier>
    </Filter>
  </ItemGroup>
  <ItemGroup>
    <ClInclude Include="Resource.h" />
    <ClInclude Include="pch.h">
      <Filter>Common</Filter>
    </ClInclude>
    <ClInclude Include="UtilLib.h">
      <Filter>Common\Lib</Filter>
    </ClInclude>
    <ClInclude Include="MathLib.h">
      <Filter>Common\Lib</Filter>
    </ClInclude>
    <ClInclude Include="Scene.h">
      <Filter>Engine\Scene\Base</Filter>
    </ClInclude>
    <ClInclude Include="Singleton.h">
      <Filter>Engine\Manager\Base</Filter>
    </ClInclude>
    <ClInclude Include="SceneMgr.h">
      <Filter>Engine\Manager\SceneMgr</Filter>
    </ClInclude>
    <ClInclude Include="MyEngine.h">
      <Filter>Main</Filter>
    </ClInclude>
    <ClInclude Include="Application.h">
      <Filter>Main</Filter>
    </ClInclude>
    <ClInclude Include="Texture.h">
      <Filter>Engine\Resource\Texture</Filter>
    </ClInclude>
    <ClInclude Include="ResourceMgr.h">
      <Filter>Engine\Manager\ResourceMgr</Filter>
    </ClInclude>
    <ClInclude Include="GameObject.h">
      <Filter>Engine\GameObject\Base</Filter>
    </ClInclude>
    <ClInclude Include="Player.h">
      <Filter>Engine\GameObject\Player</Filter>
    </ClInclude>
    <ClInclude Include="TimeMgr.h">
      <Filter>Engine\Manager\TimeMgr</Filter>
    </ClInclude>
    <ClInclude Include="KeyMgr.h">
      <Filter>Engine\Manager\KeyMgr</Filter>
    </ClInclude>
    <ClInclude Include="Res.h">
      <Filter>Engine\Resource\Base</Filter>
    </ClInclude>
    <ClInclude Include="EventMgr.h">
      <Filter>Engine\Manager\EventMgr</Filter>
    </ClInclude>
    <ClInclude Include="Component.h">
      <Filter>Engine\Component\Base</Filter>
    </ClInclude>
    <ClInclude Include="Collider.h">
      <Filter>Engine\Component\Collider</Filter>
    </ClInclude>
    <ClInclude Include="Animator.h">
      <Filter>Engine\Component\Animator</Filter>
    </ClInclude>
    <ClInclude Include="Animation.h">
      <Filter>Engine\Component\Animator\Animation</Filter>
    </ClInclude>
    <ClInclude Include="EventRegisteror.h">
      <Filter>Common\EventReg</Filter>
    </ClInclude>
    <ClInclude Include="EnumDefine.h">
      <Filter>Common\Lib</Filter>
    </ClInclude>
    <ClInclude Include="Monster.h">
      <Filter>Engine\GameObject\Monster</Filter>
    </ClInclude>
    <ClInclude Include="CollisionMgr.h">
      <Filter>Engine\Manager\CollisionMgr</Filter>
    </ClInclude>
    <ClInclude Include="CameraMgr.h">
      <Filter>Engine\Manager\CameraMgr</Filter>
    </ClInclude>
    <ClInclude Include="UI.h">
      <Filter>Engine\GameObject\UI</Filter>
    </ClInclude>
    <ClInclude Include="BackgroundUI.h">
      <Filter>Engine\GameObject\UI\BackgroundUI</Filter>
    </ClInclude>
    <ClInclude Include="MouseMgr.h">
      <Filter>Engine\Manager\MouseMgr</Filter>
    </ClInclude>
    <ClInclude Include="ButtonUI.h">
      <Filter>Engine\GameObject\UI\ButtonUI</Filter>
    </ClInclude>
    <ClInclude Include="ToolScene.h">
      <Filter>Engine\Scene\ToolScene</Filter>
    </ClInclude>
    <ClInclude Include="PlayScene.h">
      <Filter>Engine\Scene\PlayScene</Filter>
    </ClInclude>
    <ClInclude Include="TitleScene.h">
      <Filter>Engine\Scene\TitleScene</Filter>
    </ClInclude>
    <ClInclude Include="Tile.h">
      <Filter>Engine\GameObject\Tile</Filter>
    </ClInclude>
    <ClInclude Include="ToolUI.h">
      <Filter>Engine\GameObject\UI\ToolUI</Filter>
    </ClInclude>
    <ClInclude Include="IconUI.h">
      <Filter>Engine\GameObject\UI\IconUI</Filter>
    </ClInclude>
    <ClInclude Include="CheckButtonUI.h">
      <Filter>Engine\GameObject\UI\CheckButtonUI</Filter>
    </ClInclude>
    <ClInclude Include="TownScene.h">
      <Filter>Engine\Scene\TownScene</Filter>
    </ClInclude>
    <ClInclude Include="Structure.h">
      <Filter>Engine\GameObject\Structure</Filter>
    </ClInclude>
    <ClInclude Include="IdleState.h">
      <Filter>Engine\GameObject\Player\State</Filter>
    </ClInclude>
    <ClInclude Include="WalkState.h">
      <Filter>Engine\GameObject\Player\State</Filter>
    </ClInclude>
    <ClInclude Include="State.h">
      <Filter>Engine\GameObject\Player\State\Base</Filter>
    </ClInclude>
    <ClInclude Include="Effect.h">
      <Filter>Engine\GameObject\Effect</Filter>
    </ClInclude>
  </ItemGroup>
  <ItemGroup>
    <ResourceCompile Include="MyEngine.rc">
      <Filter>리소스 파일</Filter>
    </ResourceCompile>
  </ItemGroup>
  <ItemGroup>
    <Image Include="small.ico">
      <Filter>리소스 파일</Filter>
    </Image>
    <Image Include="MyEngine.ico">
      <Filter>리소스 파일</Filter>
    </Image>
  </ItemGroup>
  <ItemGroup>
    <ClCompile Include="pch.cpp">
      <Filter>Common</Filter>
    </ClCompile>
    <ClCompile Include="UtilLib.cpp">
      <Filter>Common\Lib</Filter>
    </ClCompile>
    <ClCompile Include="Scene.cpp">
      <Filter>Engine\Scene\Base</Filter>
    </ClCompile>
    <ClCompile Include="Singleton.cpp">
      <Filter>Engine\Manager\Base</Filter>
    </ClCompile>
    <ClCompile Include="SceneMgr.cpp">
      <Filter>Engine\Manager\SceneMgr</Filter>
    </ClCompile>
    <ClCompile Include="Application.cpp">
      <Filter>Main</Filter>
    </ClCompile>
    <ClCompile Include="MyEngine.cpp">
      <Filter>Main</Filter>
    </ClCompile>
    <ClCompile Include="Texture.cpp">
      <Filter>Engine\Resource\Texture</Filter>
    </ClCompile>
    <ClCompile Include="ResourceMgr.cpp">
      <Filter>Engine\Manager\ResourceMgr</Filter>
    </ClCompile>
    <ClCompile Include="GameObject.cpp">
      <Filter>Engine\GameObject\Base</Filter>
    </ClCompile>
    <ClCompile Include="Player.cpp">
      <Filter>Engine\GameObject\Player</Filter>
    </ClCompile>
    <ClCompile Include="TimeMgr.cpp">
      <Filter>Engine\Manager\TimeMgr</Filter>
    </ClCompile>
    <ClCompile Include="KeyMgr.cpp">
      <Filter>Engine\Manager\KeyMgr</Filter>
    </ClCompile>
    <ClCompile Include="Res.cpp">
      <Filter>Engine\Resource\Base</Filter>
    </ClCompile>
    <ClCompile Include="EventMgr.cpp">
      <Filter>Engine\Manager\EventMgr</Filter>
    </ClCompile>
    <ClCompile Include="Component.cpp">
      <Filter>Engine\Component\Base</Filter>
    </ClCompile>
    <ClCompile Include="Collider.cpp">
      <Filter>Engine\Component\Collider</Filter>
    </ClCompile>
    <ClCompile Include="Animator.cpp">
      <Filter>Engine\Component\Animator</Filter>
    </ClCompile>
    <ClCompile Include="Animation.cpp">
      <Filter>Engine\Component\Animator\Animation</Filter>
    </ClCompile>
    <ClCompile Include="EventRegisteror.cpp">
      <Filter>Common\EventReg</Filter>
    </ClCompile>
    <ClCompile Include="Monster.cpp">
      <Filter>Engine\GameObject\Monster</Filter>
    </ClCompile>
    <ClCompile Include="CollisionMgr.cpp">
      <Filter>Engine\Manager\CollisionMgr</Filter>
    </ClCompile>
    <ClCompile Include="CameraMgr.cpp">
      <Filter>Engine\Manager\CameraMgr</Filter>
    </ClCompile>
    <ClCompile Include="UI.cpp">
      <Filter>Engine\GameObject\UI</Filter>
    </ClCompile>
    <ClCompile Include="BackgroundUI.cpp">
      <Filter>Engine\GameObject\UI\BackgroundUI</Filter>
    </ClCompile>
    <ClCompile Include="MouseMgr.cpp">
      <Filter>Engine\Manager\MouseMgr</Filter>
    </ClCompile>
    <ClCompile Include="ButtonUI.cpp">
      <Filter>Engine\GameObject\UI\ButtonUI</Filter>
    </ClCompile>
    <ClCompile Include="ToolScene.cpp">
      <Filter>Engine\Scene\ToolScene</Filter>
    </ClCompile>
    <ClCompile Include="PlayScene.cpp">
      <Filter>Engine\Scene\PlayScene</Filter>
    </ClCompile>
    <ClCompile Include="TitleScene.cpp">
      <Filter>Engine\Scene\TitleScene</Filter>
    </ClCompile>
    <ClCompile Include="Tile.cpp">
      <Filter>Engine\GameObject\Tile</Filter>
    </ClCompile>
    <ClCompile Include="ToolUI.cpp">
      <Filter>Engine\GameObject\UI\ToolUI</Filter>
    </ClCompile>
    <ClCompile Include="IconUI.cpp">
      <Filter>Engine\GameObject\UI\IconUI</Filter>
    </ClCompile>
    <ClCompile Include="CheckButtonUI.cpp">
      <Filter>Engine\GameObject\UI\CheckButtonUI</Filter>
    </ClCompile>
    <ClCompile Include="TownScene.cpp">
      <Filter>Engine\Scene\TownScene</Filter>
    </ClCompile>
    <ClCompile Include="Structure.cpp">
      <Filter>Engine\GameObject\Structure</Filter>
    </ClCompile>
    <ClCompile Include="IdleState.cpp">
      <Filter>Engine\GameObject\Player\State</Filter>
    </ClCompile>
    <ClCompile Include="WalkState.cpp">
      <Filter>Engine\GameObject\Player\State</Filter>
    </ClCompile>
    <ClCompile Include="State.cpp">
      <Filter>Engine\GameObject\Player\State\Base</Filter>
    </ClCompile>
    <ClCompile Include="Effect.cpp">
      <Filter>Engine\GameObject\Effect</Filter>
    </ClCompile>
  </ItemGroup>
</Project>