<?xml version="1.0" encoding="utf-8"?>
<Project ToolsVersion="4.0" xmlns="http://schemas.microsoft.com/developer/msbuild/2003">
  <ItemGroup>
    <Filter Include="Engine">
      <UniqueIdentifier>{ae2229db-771f-40aa-b91a-dbe66c5a8b7e}</UniqueIdentifier>
    </Filter>
    <Filter Include="Common">
      <UniqueIdentifier>{ae3806a2-98f2-4a4e-b3a7-0140863c2bed}</UniqueIdentifier>
    </Filter>
    <Filter Include="Engine\Manager">
      <UniqueIdentifier>{a527573b-5452-4a5a-bf29-27f9cdeb0a9b}</UniqueIdentifier>
    </Filter>
    <Filter Include="Common\Lib">
      <UniqueIdentifier>{86b7ebaa-ed01-4b54-96f0-83fbd410e5f0}</UniqueIdentifier>
    </Filter>
    <Filter Include="Engine\Scene">
      <UniqueIdentifier>{9fd6952c-07c9-4262-9a29-149e49f56b94}</UniqueIdentifier>
    </Filter>
    <Filter Include="Engine\Scene\Base">
      <UniqueIdentifier>{1a3e241d-4015-4286-a2c7-b3b49ac5b804}</UniqueIdentifier>
    </Filter>
    <Filter Include="Engine\Manager\Base">
      <UniqueIdentifier>{dbb7f664-8bd8-40de-8922-4057521c6e0e}</UniqueIdentifier>
    </Filter>
    <Filter Include="Engine\GameObject">
      <UniqueIdentifier>{b73a02a7-24fd-417d-ac66-38b74e35148d}</UniqueIdentifier>
    </Filter>
    <Filter Include="Main">
      <UniqueIdentifier>{108eca2e-333f-4487-92fe-0564394dae7a}</UniqueIdentifier>
    </Filter>
    <Filter Include="Engine\Resource">
      <UniqueIdentifier>{d1db6f89-086e-4ae5-b160-08f0e1264c2b}</UniqueIdentifier>
    </Filter>
    <Filter Include="Engine\Manager\ResourceMgr">
      <UniqueIdentifier>{e83a7f2b-9ffc-4761-bef0-c832cf28b923}</UniqueIdentifier>
    </Filter>
    <Filter Include="Engine\GameObject\Player">
      <UniqueIdentifier>{0ca19bcb-c613-49e4-8edd-ac87b193a9dd}</UniqueIdentifier>
    </Filter>
    <Filter Include="Engine\GameObject\Base">
      <UniqueIdentifier>{e8911415-7926-44b1-a055-81f0f66c2879}</UniqueIdentifier>
    </Filter>
    <Filter Include="Engine\Manager\TimeMgr">
      <UniqueIdentifier>{90d78f55-4e08-4bdd-b521-98dd2c3615ec}</UniqueIdentifier>
    </Filter>
    <Filter Include="Engine\Manager\KeyMgr">
      <UniqueIdentifier>{35e54dbb-0ee9-4e22-af11-0e016c3cda02}</UniqueIdentifier>
    </Filter>
    <Filter Include="Engine\Resource\Base">
      <UniqueIdentifier>{15b28218-c337-42df-9051-427f77c0aa07}</UniqueIdentifier>
    </Filter>
    <Filter Include="Engine\Component">
      <UniqueIdentifier>{2eaa4382-ec72-465e-b058-33580b58142f}</UniqueIdentifier>
    </Filter>
    <Filter Include="Engine\Manager\EventMgr">
      <UniqueIdentifier>{fa4bf99e-f543-405c-a6e2-64e184ef6099}</UniqueIdentifier>
    </Filter>
    <Filter Include="Engine\Manager\SceneMgr">
      <UniqueIdentifier>{f54beaa1-a847-4483-9415-176303b93090}</UniqueIdentifier>
    </Filter>
    <Filter Include="Engine\Component\Base">
      <UniqueIdentifier>{034a01ca-3b00-4731-b14a-c7269f1516bf}</UniqueIdentifier>
    </Filter>
    <Filter Include="Engine\Component\Collider">
      <UniqueIdentifier>{852ef551-690a-4fd1-ba34-129124183f99}</UniqueIdentifier>
    </Filter>
    <Filter Include="Engine\Component\Animator">
      <UniqueIdentifier>{60b7a7fb-bab6-4df2-bccf-9018db146aea}</UniqueIdentifier>
    </Filter>
    <Filter Include="Engine\Component\Animator\Animation">
      <UniqueIdentifier>{6ce1e4b8-b801-4fcf-a419-3af0cbb95906}</UniqueIdentifier>
    </Filter>
    <Filter Include="Common\EventReg">
      <UniqueIdentifier>{98314b35-b5d5-44b9-8d63-f9927f36acea}</UniqueIdentifier>
    </Filter>
    <Filter Include="Engine\Resource\Texture">
      <UniqueIdentifier>{70df5e3f-e6df-420f-8b05-7db0bf6a896f}</UniqueIdentifier>
    </Filter>
    <Filter Include="Engine\GameObject\Monster">
      <UniqueIdentifier>{fe716b96-1ee2-4b12-9c3f-d5b53d2e00bb}</UniqueIdentifier>
    </Filter>
    <Filter Include="Engine\Manager\CollisionMgr">
      <UniqueIdentifier>{041680e5-db7e-4743-97be-d84c19d41c6e}</UniqueIdentifier>
    </Filter>
    <Filter Include="Engine\Manager\CameraMgr">
      <UniqueIdentifier>{5d0662e9-00c9-42e8-b231-1de237fc3d30}</UniqueIdentifier>
    </Filter>
    <Filter Include="Engine\Manager\MouseMgr">
      <UniqueIdentifier>{56a05229-3efe-4d80-972d-583ca2eba682}</UniqueIdentifier>
    </Filter>
    <Filter Include="Engine\Scene\ToolScene">
      <UniqueIdentifier>{129b519f-5785-4b32-acd3-b0f7dd63a68a}</UniqueIdentifier>
    </Filter>
    <Filter Include="Engine\Scene\PlayScene">
      <UniqueIdentifier>{e528c7ea-5de1-4f1f-811f-954cca3fa2dd}</UniqueIdentifier>
    </Filter>
    <Filter Include="Engine\Scene\TitleScene">
      <UniqueIdentifier>{2c2b3fea-15ea-4da7-8a99-b59cc4dbdca0}</UniqueIdentifier>
    </Filter>
    <Filter Include="Engine\Scene\TownScene">
      <UniqueIdentifier>{6ba9b6c6-54f2-4db8-96d4-776cdbf1e41c}</UniqueIdentifier>
    </Filter>
    <Filter Include="Engine\GameObject\Player\State">
      <UniqueIdentifier>{fc1c8b2b-2dc1-4157-a768-415a317ac2c4}</UniqueIdentifier>
    </Filter>
    <Filter Include="Engine\GameObject\Player\State\Base">
      <UniqueIdentifier>{a2b3c86d-76a2-474d-a3ba-7a250557aed3}</UniqueIdentifier>
    </Filter>
    <Filter Include="Engine\GameObject\Effect">
      <UniqueIdentifier>{58eebe92-97b0-4581-97ce-3b2f088e4411}</UniqueIdentifier>
    </Filter>
    <Filter Include="Engine\Scene\DungeonScene">
      <UniqueIdentifier>{2bb4b51e-a286-459c-9278-a53092b56d05}</UniqueIdentifier>
    </Filter>
    <Filter Include="Engine\Scene\DungeonScene\Dungeon1">
      <UniqueIdentifier>{0e2ca030-778a-49d9-91a7-680756b8b57f}</UniqueIdentifier>
    </Filter>
    <Filter Include="Engine\Component\RigidBody">
      <UniqueIdentifier>{956697ff-14a1-4924-92b6-c8e42b393ce9}</UniqueIdentifier>
    </Filter>
    <Filter Include="Engine\GameObject\Player\State\JumpState">
      <UniqueIdentifier>{6280e646-3b88-4b9e-b9e7-cf82c6dfcd1c}</UniqueIdentifier>
    </Filter>
    <Filter Include="Engine\GameObject\Player\State\IdleState">
      <UniqueIdentifier>{baa22340-628c-413a-9467-c9176dc6f331}</UniqueIdentifier>
    </Filter>
    <Filter Include="Engine\GameObject\Player\State\WalkState">
      <UniqueIdentifier>{f5061e16-f702-454e-97fc-5fa3413f37ef}</UniqueIdentifier>
    </Filter>
    <Filter Include="Engine\GameObject\MapComponent">
      <UniqueIdentifier>{3cdea778-cb95-4787-9dde-5ae6210bd066}</UniqueIdentifier>
    </Filter>
    <Filter Include="Engine\GameObject\MapComponent\Structure">
      <UniqueIdentifier>{de0fee5d-3cf8-4732-ab44-ad67cd758f6d}</UniqueIdentifier>
    </Filter>
    <Filter Include="Engine\GameObject\MapComponent\Background">
      <UniqueIdentifier>{7b590a3a-821c-4633-959d-087b5cccfe4c}</UniqueIdentifier>
    </Filter>
    <Filter Include="Engine\GameObject\MapComponent\Background\UserFollowBg">
      <UniqueIdentifier>{320a058b-925a-4b78-9f58-58d6995142b4}</UniqueIdentifier>
    </Filter>
    <Filter Include="Engine\GameObject\MapComponent\Background\InfRepeatBg">
      <UniqueIdentifier>{82439c7d-7d14-434d-afa3-486b1145eb95}</UniqueIdentifier>
    </Filter>
    <Filter Include="Engine\GameObject\Item">
      <UniqueIdentifier>{79f186a7-747d-44c0-8b40-ba3d630a49f3}</UniqueIdentifier>
    </Filter>
    <Filter Include="Engine\GameObject\Item\Base">
      <UniqueIdentifier>{82afa0a0-bcc8-416a-bc3b-958bda2f0789}</UniqueIdentifier>
    </Filter>
    <Filter Include="Engine\GameObject\Item\Sword">
      <UniqueIdentifier>{02622e5b-8de5-4bf3-8369-4f68dc5c415c}</UniqueIdentifier>
    </Filter>
    <Filter Include="Engine\GameObject\Item\Sword\Base">
      <UniqueIdentifier>{0af253e0-fbed-49e3-a96e-70d1416a03fb}</UniqueIdentifier>
    </Filter>
    <Filter Include="Engine\GameObject\Item\Sword\ShortSword">
      <UniqueIdentifier>{1b5e3b02-d6cd-4853-b8dc-614d06daac47}</UniqueIdentifier>
    </Filter>
    <Filter Include="Engine\GameObject\Item\Sword\GreatSword">
      <UniqueIdentifier>{9a852402-2aff-4255-a81b-c12f30480202}</UniqueIdentifier>
    </Filter>
    <Filter Include="Engine\Manager\UIMgr">
      <UniqueIdentifier>{83afd7ce-8953-4e3c-9d9c-6328e1cae70a}</UniqueIdentifier>
    </Filter>
    <Filter Include="Engine\GameObject\Effect\DashEffect">
      <UniqueIdentifier>{5aaeff6d-3d68-4c4f-9c4a-19b3fd5ea472}</UniqueIdentifier>
    </Filter>
    <Filter Include="Engine\GameObject\Effect\Base">
      <UniqueIdentifier>{7e390d41-e0f5-4189-b930-a27ede90dc8f}</UniqueIdentifier>
    </Filter>
    <Filter Include="Engine\GameObject\MapComponent\Tile">
      <UniqueIdentifier>{67f32aaf-c140-4ede-bcf5-00fddb5095bb}</UniqueIdentifier>
    </Filter>
    <Filter Include="Engine\GameObject\MapComponent\Tile\TileCollisionType">
      <UniqueIdentifier>{c5f12499-f12f-4c2c-b35b-56ad73ef32f0}</UniqueIdentifier>
    </Filter>
    <Filter Include="Engine\GameObject\MapComponent\Tile\TileCollisionType\Wall">
      <UniqueIdentifier>{3ce8c1fe-662d-49a2-8bc0-44c0aa2e7238}</UniqueIdentifier>
    </Filter>
    <Filter Include="Engine\GameObject\MapComponent\Tile\TileCollisionType\Foothold">
      <UniqueIdentifier>{db824440-4188-40ed-a669-e1c626c1027e}</UniqueIdentifier>
    </Filter>
    <Filter Include="Engine\GameObject\MapComponent\Tile\Base">
      <UniqueIdentifier>{a4c55edb-9f7b-4806-a29e-5fd31bce82f1}</UniqueIdentifier>
    </Filter>
    <Filter Include="Engine\GameObject\MapComponent\Tile\TileCollisionType\Base">
      <UniqueIdentifier>{dd194855-1182-4716-8665-dd9ea6c3a09f}</UniqueIdentifier>
    </Filter>
    <Filter Include="Engine\GameObject\NPC">
      <UniqueIdentifier>{43ce9599-937c-422b-ac18-4bb524a4400b}</UniqueIdentifier>
    </Filter>
    <Filter Include="Engine\GameObject\NPC\Base">
      <UniqueIdentifier>{7a892b5d-37d0-40ea-ac97-3f77a11aa8e2}</UniqueIdentifier>
    </Filter>
    <Filter Include="Engine\GameObject\NPC\BlackSmith">
      <UniqueIdentifier>{b3c71a49-8f61-4ce7-81d9-ab3765adf21d}</UniqueIdentifier>
    </Filter>
    <Filter Include="Engine\GameObject\MapComponent\EventObject">
      <UniqueIdentifier>{0a578e66-a7a7-41d2-b48c-e05164548ac0}</UniqueIdentifier>
    </Filter>
    <Filter Include="Engine\GameObject\MapComponent\EventObject\DungeonEatEvent">
      <UniqueIdentifier>{fc10fc6e-3e0a-4835-b9c9-60bff54255f1}</UniqueIdentifier>
    </Filter>
    <Filter Include="Engine\GameObject\MapComponent\EventObject\Base">
      <UniqueIdentifier>{33f9b93b-dec1-46f4-9455-7af544549e90}</UniqueIdentifier>
    </Filter>
    <Filter Include="Engine\GameObject\Player\State\EatState">
      <UniqueIdentifier>{77649b5b-fab8-4b1a-b8c1-9300cfe2310e}</UniqueIdentifier>
    </Filter>
    <Filter Include="Engine\Component\Collider\LineCollider">
      <UniqueIdentifier>{9f82b84d-8486-409c-8c59-4729c2545e9f}</UniqueIdentifier>
    </Filter>
    <Filter Include="Engine\GameObject\Monster\AI">
      <UniqueIdentifier>{c3a14c61-1c0f-463a-a326-76a1f8330f9c}</UniqueIdentifier>
    </Filter>
    <Filter Include="Engine\GameObject\Monster\Base">
      <UniqueIdentifier>{dccac5ad-d1ec-4b82-bbf8-6aebd36a0ebf}</UniqueIdentifier>
    </Filter>
    <Filter Include="Engine\GameObject\Monster\AI\MonsterState">
      <UniqueIdentifier>{63422dc0-db41-4d41-be39-904f9763ceda}</UniqueIdentifier>
    </Filter>
    <Filter Include="Engine\GameObject\Monster\AI\MonsterState\Base">
      <UniqueIdentifier>{0bd9cda3-5987-4f44-bbca-c694d7d3d68d}</UniqueIdentifier>
    </Filter>
    <Filter Include="Engine\GameObject\Monster\AI\MonsterState\MonsterIdleState">
      <UniqueIdentifier>{66a5a81e-1b9b-4c16-8354-1563850f31ae}</UniqueIdentifier>
    </Filter>
    <Filter Include="Engine\GameObject\Monster\GiantSkullWarrior">
      <UniqueIdentifier>{927fa401-5ba2-4573-a647-16b9dc53efca}</UniqueIdentifier>
    </Filter>
    <Filter Include="Engine\GameObject\Monster\MonsterFactory">
      <UniqueIdentifier>{13989927-249f-4bc5-b66f-f183b5ca0918}</UniqueIdentifier>
    </Filter>
    <Filter Include="Engine\GameObject\Monster\AI\MonsterState\MonsterTraceState">
      <UniqueIdentifier>{d9f41615-713d-4541-bf3a-0dfa23a202f2}</UniqueIdentifier>
    </Filter>
    <Filter Include="Engine\GameObject\Monster\AI\MonsterState\MonsterPatrolState">
      <UniqueIdentifier>{f73f9d64-e57a-4087-b175-fea555af1911}</UniqueIdentifier>
    </Filter>
    <Filter Include="Resource">
      <UniqueIdentifier>{67DA6AB6-F800-4c08-8B7A-83BB121AAD01}</UniqueIdentifier>
      <Extensions>rc;ico;cur;bmp;dlg;rc2;rct;bin;rgs;gif;jpg;jpeg;jpe;resx;tiff;tif;png;wav;mfcribbon-ms</Extensions>
    </Filter>
    <Filter Include="Engine\GameObject\Monster\AI\MonsterState\MonsterAttState">
      <UniqueIdentifier>{b713eeed-faa2-46da-8561-b1d0e341e5de}</UniqueIdentifier>
    </Filter>
    <Filter Include="Engine\GameObject\UI">
      <UniqueIdentifier>{c58ccb67-294d-4fd1-a389-e35e29e4723e}</UniqueIdentifier>
    </Filter>
    <Filter Include="Engine\GameObject\UI\ButtonUI">
      <UniqueIdentifier>{cda428b9-d93a-449b-8b36-a757ff2249ef}</UniqueIdentifier>
    </Filter>
    <Filter Include="Engine\GameObject\UI\ToolUI">
      <UniqueIdentifier>{0a938206-63d9-454a-97f5-cf4da0c75f27}</UniqueIdentifier>
    </Filter>
    <Filter Include="Engine\GameObject\UI\ToolUI\IconUI">
      <UniqueIdentifier>{161984c0-e603-4200-a4be-69c69f7de4ff}</UniqueIdentifier>
    </Filter>
    <Filter Include="Engine\GameObject\UI\ToolUI\CheckButtonUI">
      <UniqueIdentifier>{50bdd6e4-6396-40e5-8035-bdfc8ad41f0a}</UniqueIdentifier>
    </Filter>
    <Filter Include="Engine\GameObject\UI\InventoryUI">
      <UniqueIdentifier>{8ad650c5-cc46-4679-ae59-89a62b957794}</UniqueIdentifier>
    </Filter>
    <Filter Include="Engine\GameObject\UI\Base">
      <UniqueIdentifier>{a39f639c-7312-4bd9-ac22-872f3d62036d}</UniqueIdentifier>
    </Filter>
  </ItemGroup>
  <ItemGroup>
    <ClInclude Include="pch.h">
      <Filter>Common</Filter>
    </ClInclude>
    <ClInclude Include="UtilLib.h">
      <Filter>Common\Lib</Filter>
    </ClInclude>
    <ClInclude Include="MathLib.h">
      <Filter>Common\Lib</Filter>
    </ClInclude>
    <ClInclude Include="Scene.h">
      <Filter>Engine\Scene\Base</Filter>
    </ClInclude>
    <ClInclude Include="Singleton.h">
      <Filter>Engine\Manager\Base</Filter>
    </ClInclude>
    <ClInclude Include="SceneMgr.h">
      <Filter>Engine\Manager\SceneMgr</Filter>
    </ClInclude>
    <ClInclude Include="MyEngine.h">
      <Filter>Main</Filter>
    </ClInclude>
    <ClInclude Include="Application.h">
      <Filter>Main</Filter>
    </ClInclude>
    <ClInclude Include="Texture.h">
      <Filter>Engine\Resource\Texture</Filter>
    </ClInclude>
    <ClInclude Include="ResourceMgr.h">
      <Filter>Engine\Manager\ResourceMgr</Filter>
    </ClInclude>
    <ClInclude Include="GameObject.h">
      <Filter>Engine\GameObject\Base</Filter>
    </ClInclude>
    <ClInclude Include="Player.h">
      <Filter>Engine\GameObject\Player</Filter>
    </ClInclude>
    <ClInclude Include="TimeMgr.h">
      <Filter>Engine\Manager\TimeMgr</Filter>
    </ClInclude>
    <ClInclude Include="KeyMgr.h">
      <Filter>Engine\Manager\KeyMgr</Filter>
    </ClInclude>
    <ClInclude Include="Res.h">
      <Filter>Engine\Resource\Base</Filter>
    </ClInclude>
    <ClInclude Include="EventMgr.h">
      <Filter>Engine\Manager\EventMgr</Filter>
    </ClInclude>
    <ClInclude Include="Component.h">
      <Filter>Engine\Component\Base</Filter>
    </ClInclude>
    <ClInclude Include="Collider.h">
      <Filter>Engine\Component\Collider</Filter>
    </ClInclude>
    <ClInclude Include="Animator.h">
      <Filter>Engine\Component\Animator</Filter>
    </ClInclude>
    <ClInclude Include="Animation.h">
      <Filter>Engine\Component\Animator\Animation</Filter>
    </ClInclude>
    <ClInclude Include="EventRegisteror.h">
      <Filter>Common\EventReg</Filter>
    </ClInclude>
    <ClInclude Include="EnumDefine.h">
      <Filter>Common\Lib</Filter>
    </ClInclude>
    <ClInclude Include="CollisionMgr.h">
      <Filter>Engine\Manager\CollisionMgr</Filter>
    </ClInclude>
    <ClInclude Include="CameraMgr.h">
      <Filter>Engine\Manager\CameraMgr</Filter>
    </ClInclude>
    <ClInclude Include="MouseMgr.h">
      <Filter>Engine\Manager\MouseMgr</Filter>
    </ClInclude>
    <ClInclude Include="ButtonUI.h">
      <Filter>Engine\GameObject\UI\ButtonUI</Filter>
    </ClInclude>
    <ClInclude Include="ToolScene.h">
      <Filter>Engine\Scene\ToolScene</Filter>
    </ClInclude>
    <ClInclude Include="PlayScene.h">
      <Filter>Engine\Scene\PlayScene</Filter>
    </ClInclude>
    <ClInclude Include="TitleScene.h">
      <Filter>Engine\Scene\TitleScene</Filter>
    </ClInclude>
    <ClInclude Include="ToolUI.h">
      <Filter>Engine\GameObject\UI\ToolUI</Filter>
    </ClInclude>
    <ClInclude Include="TownScene.h">
      <Filter>Engine\Scene\TownScene</Filter>
    </ClInclude>
    <ClInclude Include="Structure.h">
      <Filter>Engine\GameObject\MapComponent\Structure</Filter>
    </ClInclude>
    <ClInclude Include="State.h">
      <Filter>Engine\GameObject\Player\State\Base</Filter>
    </ClInclude>
    <ClInclude Include="InfRepeatBg.h">
      <Filter>Engine\GameObject\MapComponent\Background\InfRepeatBg</Filter>
    </ClInclude>
    <ClInclude Include="UserFollowingBg.h">
      <Filter>Engine\GameObject\MapComponent\Background\UserFollowBg</Filter>
    </ClInclude>
    <ClInclude Include="Dungeon1Scene.h">
      <Filter>Engine\Scene\DungeonScene\Dungeon1</Filter>
    </ClInclude>
    <ClInclude Include="RigidBody.h">
      <Filter>Engine\Component\RigidBody</Filter>
    </ClInclude>
    <ClInclude Include="IdleState.h">
      <Filter>Engine\GameObject\Player\State\IdleState</Filter>
    </ClInclude>
    <ClInclude Include="WalkState.h">
      <Filter>Engine\GameObject\Player\State\WalkState</Filter>
    </ClInclude>
    <ClInclude Include="JumpState.h">
      <Filter>Engine\GameObject\Player\State\JumpState</Filter>
    </ClInclude>
    <ClInclude Include="Wall.h">
      <Filter>Engine\GameObject\MapComponent\Tile\TileCollisionType\Wall</Filter>
    </ClInclude>
    <ClInclude Include="InventoryUI.h">
      <Filter>Engine\GameObject\UI\InventoryUI</Filter>
    </ClInclude>
    <ClInclude Include="Item.h">
      <Filter>Engine\GameObject\Item\Base</Filter>
    </ClInclude>
    <ClInclude Include="Sword.h">
      <Filter>Engine\GameObject\Item\Sword\Base</Filter>
    </ClInclude>
    <ClInclude Include="ShortSword.h">
      <Filter>Engine\GameObject\Item\Sword\ShortSword</Filter>
    </ClInclude>
    <ClInclude Include="GreatSword.h">
      <Filter>Engine\GameObject\Item\Sword\GreatSword</Filter>
    </ClInclude>
    <ClInclude Include="IconUI.h">
      <Filter>Engine\GameObject\UI\ToolUI\IconUI</Filter>
    </ClInclude>
    <ClInclude Include="UIMgr.h">
      <Filter>Engine\Manager\UIMgr</Filter>
    </ClInclude>
    <ClInclude Include="UI.h">
      <Filter>Engine\GameObject\UI\Base</Filter>
    </ClInclude>
    <ClInclude Include="DashEffect.h">
      <Filter>Engine\GameObject\Effect\DashEffect</Filter>
    </ClInclude>
    <ClInclude Include="Effect.h">
      <Filter>Engine\GameObject\Effect\Base</Filter>
    </ClInclude>
    <ClInclude Include="CheckButtonUI.h">
      <Filter>Engine\GameObject\UI\ToolUI\CheckButtonUI</Filter>
    </ClInclude>
    <ClInclude Include="Foothold.h">
      <Filter>Engine\GameObject\MapComponent\Tile\TileCollisionType\Foothold</Filter>
    </ClInclude>
    <ClInclude Include="Tile.h">
      <Filter>Engine\GameObject\MapComponent\Tile\Base</Filter>
    </ClInclude>
    <ClInclude Include="CollisionComponent.h">
      <Filter>Engine\GameObject\MapComponent\Tile\TileCollisionType\Base</Filter>
    </ClInclude>
    <ClInclude Include="NPC.h">
      <Filter>Engine\GameObject\NPC\Base</Filter>
    </ClInclude>
    <ClInclude Include="BlackSmithNPC.h">
      <Filter>Engine\GameObject\NPC\BlackSmith</Filter>
    </ClInclude>
    <ClInclude Include="EventObject.h">
      <Filter>Engine\GameObject\MapComponent\EventObject\Base</Filter>
    </ClInclude>
    <ClInclude Include="DungeonEatEvent.h">
      <Filter>Engine\GameObject\MapComponent\EventObject\DungeonEatEvent</Filter>
    </ClInclude>
    <ClInclude Include="EatState.h">
      <Filter>Engine\GameObject\Player\State\EatState</Filter>
    </ClInclude>
    <ClInclude Include="LineCollider.h">
      <Filter>Engine\Component\Collider\LineCollider</Filter>
    </ClInclude>
    <ClInclude Include="AI.h">
      <Filter>Engine\GameObject\Monster\AI</Filter>
    </ClInclude>
    <ClInclude Include="Monster.h">
      <Filter>Engine\GameObject\Monster\Base</Filter>
    </ClInclude>
    <ClInclude Include="MonsterState.h">
      <Filter>Engine\GameObject\Monster\AI\MonsterState\Base</Filter>
    </ClInclude>
    <ClInclude Include="MonsterIdleState.h">
      <Filter>Engine\GameObject\Monster\AI\MonsterState\MonsterIdleState</Filter>
    </ClInclude>
    <ClInclude Include="GiantSkullWarrior.h">
      <Filter>Engine\GameObject\Monster\GiantSkullWarrior</Filter>
    </ClInclude>
    <ClInclude Include="MonsterFactory.h">
      <Filter>Engine\GameObject\Monster\MonsterFactory</Filter>
    </ClInclude>
    <ClInclude Include="MonsterTraceState.h">
      <Filter>Engine\GameObject\Monster\AI\MonsterState\MonsterTraceState</Filter>
    </ClInclude>
    <ClInclude Include="MonsterPatrolState.h">
      <Filter>Engine\GameObject\Monster\AI\MonsterState\MonsterPatrolState</Filter>
    </ClInclude>
    <ClInclude Include="Resource.h">
      <Filter>Resource</Filter>
    </ClInclude>
    <ClInclude Include="MonsterAttState.h">
      <Filter>Engine\GameObject\Monster\AI\MonsterState\MonsterAttState</Filter>
    </ClInclude>
  </ItemGroup>
  <ItemGroup>
    <ResourceCompile Include="MyEngine.rc">
      <Filter>Resource</Filter>
    </ResourceCompile>
  </ItemGroup>
  <ItemGroup>
    <Image Include="small.ico">
      <Filter>Resource</Filter>
    </Image>
    <Image Include="MyEngine.ico">
      <Filter>Resource</Filter>
    </Image>
  </ItemGroup>
  <ItemGroup>
    <ClCompile Include="pch.cpp">
      <Filter>Common</Filter>
    </ClCompile>
    <ClCompile Include="UtilLib.cpp">
      <Filter>Common\Lib</Filter>
    </ClCompile>
    <ClCompile Include="Scene.cpp">
      <Filter>Engine\Scene\Base</Filter>
    </ClCompile>
    <ClCompile Include="Singleton.cpp">
      <Filter>Engine\Manager\Base</Filter>
    </ClCompile>
    <ClCompile Include="SceneMgr.cpp">
      <Filter>Engine\Manager\SceneMgr</Filter>
    </ClCompile>
    <ClCompile Include="Application.cpp">
      <Filter>Main</Filter>
    </ClCompile>
    <ClCompile Include="MyEngine.cpp">
      <Filter>Main</Filter>
    </ClCompile>
    <ClCompile Include="Texture.cpp">
      <Filter>Engine\Resource\Texture</Filter>
    </ClCompile>
    <ClCompile Include="ResourceMgr.cpp">
      <Filter>Engine\Manager\ResourceMgr</Filter>
    </ClCompile>
    <ClCompile Include="GameObject.cpp">
      <Filter>Engine\GameObject\Base</Filter>
    </ClCompile>
    <ClCompile Include="Player.cpp">
      <Filter>Engine\GameObject\Player</Filter>
    </ClCompile>
    <ClCompile Include="TimeMgr.cpp">
      <Filter>Engine\Manager\TimeMgr</Filter>
    </ClCompile>
    <ClCompile Include="KeyMgr.cpp">
      <Filter>Engine\Manager\KeyMgr</Filter>
    </ClCompile>
    <ClCompile Include="Res.cpp">
      <Filter>Engine\Resource\Base</Filter>
    </ClCompile>
    <ClCompile Include="EventMgr.cpp">
      <Filter>Engine\Manager\EventMgr</Filter>
    </ClCompile>
    <ClCompile Include="Component.cpp">
      <Filter>Engine\Component\Base</Filter>
    </ClCompile>
    <ClCompile Include="Collider.cpp">
      <Filter>Engine\Component\Collider</Filter>
    </ClCompile>
    <ClCompile Include="Animator.cpp">
      <Filter>Engine\Component\Animator</Filter>
    </ClCompile>
    <ClCompile Include="Animation.cpp">
      <Filter>Engine\Component\Animator\Animation</Filter>
    </ClCompile>
    <ClCompile Include="EventRegisteror.cpp">
      <Filter>Common\EventReg</Filter>
    </ClCompile>
    <ClCompile Include="CollisionMgr.cpp">
      <Filter>Engine\Manager\CollisionMgr</Filter>
    </ClCompile>
    <ClCompile Include="CameraMgr.cpp">
      <Filter>Engine\Manager\CameraMgr</Filter>
    </ClCompile>
    <ClCompile Include="MouseMgr.cpp">
      <Filter>Engine\Manager\MouseMgr</Filter>
    </ClCompile>
    <ClCompile Include="ButtonUI.cpp">
      <Filter>Engine\GameObject\UI\ButtonUI</Filter>
    </ClCompile>
    <ClCompile Include="ToolScene.cpp">
      <Filter>Engine\Scene\ToolScene</Filter>
    </ClCompile>
    <ClCompile Include="PlayScene.cpp">
      <Filter>Engine\Scene\PlayScene</Filter>
    </ClCompile>
    <ClCompile Include="TitleScene.cpp">
      <Filter>Engine\Scene\TitleScene</Filter>
    </ClCompile>
    <ClCompile Include="ToolUI.cpp">
      <Filter>Engine\GameObject\UI\ToolUI</Filter>
    </ClCompile>
    <ClCompile Include="TownScene.cpp">
      <Filter>Engine\Scene\TownScene</Filter>
    </ClCompile>
    <ClCompile Include="Structure.cpp">
      <Filter>Engine\GameObject\MapComponent\Structure</Filter>
    </ClCompile>
    <ClCompile Include="State.cpp">
      <Filter>Engine\GameObject\Player\State\Base</Filter>
    </ClCompile>
    <ClCompile Include="InfRepeatBg.cpp">
      <Filter>Engine\GameObject\MapComponent\Background\InfRepeatBg</Filter>
    </ClCompile>
    <ClCompile Include="UserFollowingBg.cpp">
      <Filter>Engine\GameObject\MapComponent\Background\UserFollowBg</Filter>
    </ClCompile>
    <ClCompile Include="Dungeon1Scene.cpp">
      <Filter>Engine\Scene\DungeonScene\Dungeon1</Filter>
    </ClCompile>
    <ClCompile Include="RigidBody.cpp">
      <Filter>Engine\Component\RigidBody</Filter>
    </ClCompile>
    <ClCompile Include="IdleState.cpp">
      <Filter>Engine\GameObject\Player\State\IdleState</Filter>
    </ClCompile>
    <ClCompile Include="WalkState.cpp">
      <Filter>Engine\GameObject\Player\State\WalkState</Filter>
    </ClCompile>
    <ClCompile Include="JumpState.cpp">
      <Filter>Engine\GameObject\Player\State\JumpState</Filter>
    </ClCompile>
    <ClCompile Include="Wall.cpp">
      <Filter>Engine\GameObject\MapComponent\Tile\TileCollisionType\Wall</Filter>
    </ClCompile>
    <ClCompile Include="InventoryUI.cpp">
      <Filter>Engine\GameObject\UI\InventoryUI</Filter>
    </ClCompile>
    <ClCompile Include="Item.cpp">
      <Filter>Engine\GameObject\Item\Base</Filter>
    </ClCompile>
    <ClCompile Include="Sword.cpp">
      <Filter>Engine\GameObject\Item\Sword\Base</Filter>
    </ClCompile>
    <ClCompile Include="ShortSword.cpp">
      <Filter>Engine\GameObject\Item\Sword\ShortSword</Filter>
    </ClCompile>
    <ClCompile Include="GreatSword.cpp">
      <Filter>Engine\GameObject\Item\Sword\GreatSword</Filter>
    </ClCompile>
    <ClCompile Include="IconUI.cpp">
      <Filter>Engine\GameObject\UI\ToolUI\IconUI</Filter>
    </ClCompile>
    <ClCompile Include="UIMgr.cpp">
      <Filter>Engine\Manager\UIMgr</Filter>
    </ClCompile>
    <ClCompile Include="UI.cpp">
      <Filter>Engine\GameObject\UI\Base</Filter>
    </ClCompile>
    <ClCompile Include="DashEffect.cpp">
      <Filter>Engine\GameObject\Effect\DashEffect</Filter>
    </ClCompile>
    <ClCompile Include="Effect.cpp">
      <Filter>Engine\GameObject\Effect\Base</Filter>
    </ClCompile>
    <ClCompile Include="CheckButtonUI.cpp">
      <Filter>Engine\GameObject\UI\ToolUI\CheckButtonUI</Filter>
    </ClCompile>
    <ClCompile Include="Foothold.cpp">
      <Filter>Engine\GameObject\MapComponent\Tile\TileCollisionType\Foothold</Filter>
    </ClCompile>
    <ClCompile Include="Tile.cpp">
      <Filter>Engine\GameObject\MapComponent\Tile\Base</Filter>
    </ClCompile>
    <ClCompile Include="CollisionComponent.cpp">
      <Filter>Engine\GameObject\MapComponent\Tile\TileCollisionType\Base</Filter>
    </ClCompile>
    <ClCompile Include="NPC.cpp">
      <Filter>Engine\GameObject\NPC\Base</Filter>
    </ClCompile>
    <ClCompile Include="BlackSmithNPC.cpp">
      <Filter>Engine\GameObject\NPC\BlackSmith</Filter>
    </ClCompile>
    <ClCompile Include="EventObject.cpp">
      <Filter>Engine\GameObject\MapComponent\EventObject\Base</Filter>
    </ClCompile>
    <ClCompile Include="DungeonEatEvent.cpp">
      <Filter>Engine\GameObject\MapComponent\EventObject\DungeonEatEvent</Filter>
    </ClCompile>
    <ClCompile Include="EatState.cpp">
      <Filter>Engine\GameObject\Player\State\EatState</Filter>
    </ClCompile>
    <ClCompile Include="LineCollider.cpp">
      <Filter>Engine\Component\Collider\LineCollider</Filter>
    </ClCompile>
    <ClCompile Include="AI.cpp">
      <Filter>Engine\GameObject\Monster\AI</Filter>
    </ClCompile>
    <ClCompile Include="Monster.cpp">
      <Filter>Engine\GameObject\Monster\Base</Filter>
    </ClCompile>
    <ClCompile Include="MonsterState.cpp">
      <Filter>Engine\GameObject\Monster\AI\MonsterState\Base</Filter>
    </ClCompile>
    <ClCompile Include="MonsterIdleState.cpp">
      <Filter>Engine\GameObject\Monster\AI\MonsterState\MonsterIdleState</Filter>
    </ClCompile>
    <ClCompile Include="GiantSkullWarrior.cpp">
      <Filter>Engine\GameObject\Monster\GiantSkullWarrior</Filter>
    </ClCompile>
    <ClCompile Include="MonsterFactory.cpp">
      <Filter>Engine\GameObject\Monster\MonsterFactory</Filter>
    </ClCompile>
    <ClCompile Include="MonsterTraceState.cpp">
      <Filter>Engine\GameObject\Monster\AI\MonsterState\MonsterTraceState</Filter>
    </ClCompile>
    <ClCompile Include="MonsterPatrolState.cpp">
      <Filter>Engine\GameObject\Monster\AI\MonsterState\MonsterPatrolState</Filter>
    </ClCompile>
    <ClCompile Include="MonsterAttState.cpp">
      <Filter>Engine\GameObject\Monster\AI\MonsterState\MonsterAttState</Filter>
    </ClCompile>
  </ItemGroup>
</Project>